// !$*UTF8*$!
{
	archiveVersion = 1;
	classes = {
	};
	objectVersion = 77;
	objects = {

/* Begin PBXBuildFile section */
		DCDE53FC2D33B030002E1069 /* UIComponents in Frameworks */ = {isa = PBXBuildFile; productRef = DCDE53FB2D33B030002E1069 /* UIComponents */; };
/* End PBXBuildFile section */

/* Begin PBXContainerItemProxy section */
		DCDE53DE2D33B010002E1069 /* PBXContainerItemProxy */ = {
			isa = PBXContainerItemProxy;
			containerPortal = DCDE53C52D33B00F002E1069 /* Project object */;
			proxyType = 1;
			remoteGlobalIDString = DCDE53CC2D33B00F002E1069;
			remoteInfo = SwiftUIComponentsDemo;
		};
		DCDE53E82D33B010002E1069 /* PBXContainerItemProxy */ = {
			isa = PBXContainerItemProxy;
			containerPortal = DCDE53C52D33B00F002E1069 /* Project object */;
			proxyType = 1;
			remoteGlobalIDString = DCDE53CC2D33B00F002E1069;
			remoteInfo = SwiftUIComponentsDemo;
		};
/* End PBXContainerItemProxy section */

/* Begin PBXFileReference section */
		DCDE53CD2D33B00F002E1069 /* SwiftUIComponentsDemo.app */ = {isa = PBXFileReference; explicitFileType = wrapper.application; includeInIndex = 0; path = SwiftUIComponentsDemo.app; sourceTree = BUILT_PRODUCTS_DIR; };
		DCDE53DD2D33B010002E1069 /* SwiftUIComponentsDemoTests.xctest */ = {isa = PBXFileReference; explicitFileType = wrapper.cfbundle; includeInIndex = 0; path = SwiftUIComponentsDemoTests.xctest; sourceTree = BUILT_PRODUCTS_DIR; };
		DCDE53E72D33B010002E1069 /* SwiftUIComponentsDemoUITests.xctest */ = {isa = PBXFileReference; explicitFileType = wrapper.cfbundle; includeInIndex = 0; path = SwiftUIComponentsDemoUITests.xctest; sourceTree = BUILT_PRODUCTS_DIR; };
/* End PBXFileReference section */

/* Begin PBXFileSystemSynchronizedRootGroup section */
		DCDE53CF2D33B00F002E1069 /* SwiftUIComponentsDemo */ = {
			isa = PBXFileSystemSynchronizedRootGroup;
			path = SwiftUIComponentsDemo;
			sourceTree = "<group>";
		};
		DCDE53E02D33B010002E1069 /* SwiftUIComponentsDemoTests */ = {
			isa = PBXFileSystemSynchronizedRootGroup;
			path = SwiftUIComponentsDemoTests;
			sourceTree = "<group>";
		};
		DCDE53EA2D33B010002E1069 /* SwiftUIComponentsDemoUITests */ = {
			isa = PBXFileSystemSynchronizedRootGroup;
			path = SwiftUIComponentsDemoUITests;
			sourceTree = "<group>";
		};
/* End PBXFileSystemSynchronizedRootGroup section */

/* Begin PBXFrameworksBuildPhase section */
		DCDE53CA2D33B00F002E1069 /* Frameworks */ = {
			isa = PBXFrameworksBuildPhase;
			buildActionMask = 2147483647;
			files = (
				DCDE53FC2D33B030002E1069 /* UIComponents in Frameworks */,
			);
			runOnlyForDeploymentPostprocessing = 0;
		};
		DCDE53DA2D33B010002E1069 /* Frameworks */ = {
			isa = PBXFrameworksBuildPhase;
			buildActionMask = 2147483647;
			files = (
			);
			runOnlyForDeploymentPostprocessing = 0;
		};
		DCDE53E42D33B010002E1069 /* Frameworks */ = {
			isa = PBXFrameworksBuildPhase;
			buildActionMask = 2147483647;
			files = (
			);
			runOnlyForDeploymentPostprocessing = 0;
		};
/* End PBXFrameworksBuildPhase section */

/* Begin PBXGroup section */
		DCDE53C42D33B00F002E1069 = {
			isa = PBXGroup;
			children = (
				DCDE53CF2D33B00F002E1069 /* SwiftUIComponentsDemo */,
				DCDE53E02D33B010002E1069 /* SwiftUIComponentsDemoTests */,
				DCDE53EA2D33B010002E1069 /* SwiftUIComponentsDemoUITests */,
				DCDE53CE2D33B00F002E1069 /* Products */,
			);
			sourceTree = "<group>";
		};
		DCDE53CE2D33B00F002E1069 /* Products */ = {
			isa = PBXGroup;
			children = (
				DCDE53CD2D33B00F002E1069 /* SwiftUIComponentsDemo.app */,
				DCDE53DD2D33B010002E1069 /* SwiftUIComponentsDemoTests.xctest */,
				DCDE53E72D33B010002E1069 /* SwiftUIComponentsDemoUITests.xctest */,
			);
			name = Products;
			sourceTree = "<group>";
		};
/* End PBXGroup section */

/* Begin PBXNativeTarget section */
		DCDE53CC2D33B00F002E1069 /* SwiftUIComponentsDemo */ = {
			isa = PBXNativeTarget;
			buildConfigurationList = DCDE53F12D33B010002E1069 /* Build configuration list for PBXNativeTarget "SwiftUIComponentsDemo" */;
			buildPhases = (
				DCDE53C92D33B00F002E1069 /* Sources */,
				DCDE53CA2D33B00F002E1069 /* Frameworks */,
				DCDE53CB2D33B00F002E1069 /* Resources */,
			);
			buildRules = (
			);
			dependencies = (
			);
			fileSystemSynchronizedGroups = (
				DCDE53CF2D33B00F002E1069 /* SwiftUIComponentsDemo */,
			);
			name = SwiftUIComponentsDemo;
			packageProductDependencies = (
				DCDE53FB2D33B030002E1069 /* UIComponents */,
			);
			productName = SwiftUIComponentsDemo;
			productReference = DCDE53CD2D33B00F002E1069 /* SwiftUIComponentsDemo.app */;
			productType = "com.apple.product-type.application";
		};
		DCDE53DC2D33B010002E1069 /* SwiftUIComponentsDemoTests */ = {
			isa = PBXNativeTarget;
			buildConfigurationList = DCDE53F42D33B010002E1069 /* Build configuration list for PBXNativeTarget "SwiftUIComponentsDemoTests" */;
			buildPhases = (
				DCDE53D92D33B010002E1069 /* Sources */,
				DCDE53DA2D33B010002E1069 /* Frameworks */,
				DCDE53DB2D33B010002E1069 /* Resources */,
			);
			buildRules = (
			);
			dependencies = (
				DCDE53DF2D33B010002E1069 /* PBXTargetDependency */,
			);
			fileSystemSynchronizedGroups = (
				DCDE53E02D33B010002E1069 /* SwiftUIComponentsDemoTests */,
			);
			name = SwiftUIComponentsDemoTests;
			packageProductDependencies = (
			);
			productName = SwiftUIComponentsDemoTests;
			productReference = DCDE53DD2D33B010002E1069 /* SwiftUIComponentsDemoTests.xctest */;
			productType = "com.apple.product-type.bundle.unit-test";
		};
		DCDE53E62D33B010002E1069 /* SwiftUIComponentsDemoUITests */ = {
			isa = PBXNativeTarget;
			buildConfigurationList = DCDE53F72D33B010002E1069 /* Build configuration list for PBXNativeTarget "SwiftUIComponentsDemoUITests" */;
			buildPhases = (
				DCDE53E32D33B010002E1069 /* Sources */,
				DCDE53E42D33B010002E1069 /* Frameworks */,
				DCDE53E52D33B010002E1069 /* Resources */,
			);
			buildRules = (
			);
			dependencies = (
				DCDE53E92D33B010002E1069 /* PBXTargetDependency */,
			);
			fileSystemSynchronizedGroups = (
				DCDE53EA2D33B010002E1069 /* SwiftUIComponentsDemoUITests */,
			);
			name = SwiftUIComponentsDemoUITests;
			packageProductDependencies = (
			);
			productName = SwiftUIComponentsDemoUITests;
			productReference = DCDE53E72D33B010002E1069 /* SwiftUIComponentsDemoUITests.xctest */;
			productType = "com.apple.product-type.bundle.ui-testing";
		};
/* End PBXNativeTarget section */

/* Begin PBXProject section */
		DCDE53C52D33B00F002E1069 /* Project object */ = {
			isa = PBXProject;
			attributes = {
				BuildIndependentTargetsInParallel = 1;
				LastSwiftUpdateCheck = 1610;
				LastUpgradeCheck = 1610;
				TargetAttributes = {
					DCDE53CC2D33B00F002E1069 = {
						CreatedOnToolsVersion = 16.1;
					};
					DCDE53DC2D33B010002E1069 = {
						CreatedOnToolsVersion = 16.1;
						TestTargetID = DCDE53CC2D33B00F002E1069;
					};
					DCDE53E62D33B010002E1069 = {
						CreatedOnToolsVersion = 16.1;
						TestTargetID = DCDE53CC2D33B00F002E1069;
					};
				};
			};
			buildConfigurationList = DCDE53C82D33B00F002E1069 /* Build configuration list for PBXProject "SwiftUIComponentsDemo" */;
			developmentRegion = en;
			hasScannedForEncodings = 0;
			knownRegions = (
				en,
				Base,
			);
			mainGroup = DCDE53C42D33B00F002E1069;
			minimizedProjectReferenceProxies = 1;
			packageReferences = (
				DCDE53FA2D33B030002E1069 /* XCRemoteSwiftPackageReference "SwiftUIComponents" */,
			);
			preferredProjectObjectVersion = 77;
			productRefGroup = DCDE53CE2D33B00F002E1069 /* Products */;
			projectDirPath = "";
			projectRoot = "";
			targets = (
				DCDE53CC2D33B00F002E1069 /* SwiftUIComponentsDemo */,
				DCDE53DC2D33B010002E1069 /* SwiftUIComponentsDemoTests */,
				DCDE53E62D33B010002E1069 /* SwiftUIComponentsDemoUITests */,
			);
		};
/* End PBXProject section */

/* Begin PBXResourcesBuildPhase section */
		DCDE53CB2D33B00F002E1069 /* Resources */ = {
			isa = PBXResourcesBuildPhase;
			buildActionMask = 2147483647;
			files = (
			);
			runOnlyForDeploymentPostprocessing = 0;
		};
		DCDE53DB2D33B010002E1069 /* Resources */ = {
			isa = PBXResourcesBuildPhase;
			buildActionMask = 2147483647;
			files = (
			);
			runOnlyForDeploymentPostprocessing = 0;
		};
		DCDE53E52D33B010002E1069 /* Resources */ = {
			isa = PBXResourcesBuildPhase;
			buildActionMask = 2147483647;
			files = (
			);
			runOnlyForDeploymentPostprocessing = 0;
		};
/* End PBXResourcesBuildPhase section */

/* Begin PBXSourcesBuildPhase section */
		DCDE53C92D33B00F002E1069 /* Sources */ = {
			isa = PBXSourcesBuildPhase;
			buildActionMask = 2147483647;
			files = (
			);
			runOnlyForDeploymentPostprocessing = 0;
		};
		DCDE53D92D33B010002E1069 /* Sources */ = {
			isa = PBXSourcesBuildPhase;
			buildActionMask = 2147483647;
			files = (
			);
			runOnlyForDeploymentPostprocessing = 0;
		};
		DCDE53E32D33B010002E1069 /* Sources */ = {
			isa = PBXSourcesBuildPhase;
			buildActionMask = 2147483647;
			files = (
			);
			runOnlyForDeploymentPostprocessing = 0;
		};
/* End PBXSourcesBuildPhase section */

/* Begin PBXTargetDependency section */
		DCDE53DF2D33B010002E1069 /* PBXTargetDependency */ = {
			isa = PBXTargetDependency;
			target = DCDE53CC2D33B00F002E1069 /* SwiftUIComponentsDemo */;
			targetProxy = DCDE53DE2D33B010002E1069 /* PBXContainerItemProxy */;
		};
		DCDE53E92D33B010002E1069 /* PBXTargetDependency */ = {
			isa = PBXTargetDependency;
			target = DCDE53CC2D33B00F002E1069 /* SwiftUIComponentsDemo */;
			targetProxy = DCDE53E82D33B010002E1069 /* PBXContainerItemProxy */;
		};
/* End PBXTargetDependency section */

/* Begin XCBuildConfiguration section */
		DCDE53EF2D33B010002E1069 /* Debug */ = {
			isa = XCBuildConfiguration;
			buildSettings = {
				ALWAYS_SEARCH_USER_PATHS = NO;
				ASSETCATALOG_COMPILER_GENERATE_SWIFT_ASSET_SYMBOL_EXTENSIONS = YES;
				CLANG_ANALYZER_NONNULL = YES;
				CLANG_ANALYZER_NUMBER_OBJECT_CONVERSION = YES_AGGRESSIVE;
				CLANG_CXX_LANGUAGE_STANDARD = "gnu++20";
				CLANG_ENABLE_MODULES = YES;
				CLANG_ENABLE_OBJC_ARC = YES;
				CLANG_ENABLE_OBJC_WEAK = YES;
				CLANG_WARN_BLOCK_CAPTURE_AUTORELEASING = YES;
				CLANG_WARN_BOOL_CONVERSION = YES;
				CLANG_WARN_COMMA = YES;
				CLANG_WARN_CONSTANT_CONVERSION = YES;
				CLANG_WARN_DEPRECATED_OBJC_IMPLEMENTATIONS = YES;
				CLANG_WARN_DIRECT_OBJC_ISA_USAGE = YES_ERROR;
				CLANG_WARN_DOCUMENTATION_COMMENTS = YES;
				CLANG_WARN_EMPTY_BODY = YES;
				CLANG_WARN_ENUM_CONVERSION = YES;
				CLANG_WARN_INFINITE_RECURSION = YES;
				CLANG_WARN_INT_CONVERSION = YES;
				CLANG_WARN_NON_LITERAL_NULL_CONVERSION = YES;
				CLANG_WARN_OBJC_IMPLICIT_RETAIN_SELF = YES;
				CLANG_WARN_OBJC_LITERAL_CONVERSION = YES;
				CLANG_WARN_OBJC_ROOT_CLASS = YES_ERROR;
				CLANG_WARN_QUOTED_INCLUDE_IN_FRAMEWORK_HEADER = YES;
				CLANG_WARN_RANGE_LOOP_ANALYSIS = YES;
				CLANG_WARN_STRICT_PROTOTYPES = YES;
				CLANG_WARN_SUSPICIOUS_MOVE = YES;
				CLANG_WARN_UNGUARDED_AVAILABILITY = YES_AGGRESSIVE;
				CLANG_WARN_UNREACHABLE_CODE = YES;
				CLANG_WARN__DUPLICATE_METHOD_MATCH = YES;
				COPY_PHASE_STRIP = NO;
				DEBUG_INFORMATION_FORMAT = dwarf;
				ENABLE_STRICT_OBJC_MSGSEND = YES;
				ENABLE_TESTABILITY = YES;
				ENABLE_USER_SCRIPT_SANDBOXING = YES;
				GCC_C_LANGUAGE_STANDARD = gnu17;
				GCC_DYNAMIC_NO_PIC = NO;
				GCC_NO_COMMON_BLOCKS = YES;
				GCC_OPTIMIZATION_LEVEL = 0;
				GCC_PREPROCESSOR_DEFINITIONS = (
					"DEBUG=1",
					"$(inherited)",
				);
				GCC_WARN_64_TO_32_BIT_CONVERSION = YES;
				GCC_WARN_ABOUT_RETURN_TYPE = YES_ERROR;
				GCC_WARN_UNDECLARED_SELECTOR = YES;
				GCC_WARN_UNINITIALIZED_AUTOS = YES_AGGRESSIVE;
				GCC_WARN_UNUSED_FUNCTION = YES;
				GCC_WARN_UNUSED_VARIABLE = YES;
				IPHONEOS_DEPLOYMENT_TARGET = 18.1;
				LOCALIZATION_PREFERS_STRING_CATALOGS = YES;
				MTL_ENABLE_DEBUG_INFO = INCLUDE_SOURCE;
				MTL_FAST_MATH = YES;
				ONLY_ACTIVE_ARCH = YES;
				SDKROOT = iphoneos;
				SWIFT_ACTIVE_COMPILATION_CONDITIONS = "DEBUG $(inherited)";
				SWIFT_OPTIMIZATION_LEVEL = "-Onone";
			};
			name = Debug;
		};
		DCDE53F02D33B010002E1069 /* Release */ = {
			isa = XCBuildConfiguration;
			buildSettings = {
				ALWAYS_SEARCH_USER_PATHS = NO;
				ASSETCATALOG_COMPILER_GENERATE_SWIFT_ASSET_SYMBOL_EXTENSIONS = YES;
				CLANG_ANALYZER_NONNULL = YES;
				CLANG_ANALYZER_NUMBER_OBJECT_CONVERSION = YES_AGGRESSIVE;
				CLANG_CXX_LANGUAGE_STANDARD = "gnu++20";
				CLANG_ENABLE_MODULES = YES;
				CLANG_ENABLE_OBJC_ARC = YES;
				CLANG_ENABLE_OBJC_WEAK = YES;
				CLANG_WARN_BLOCK_CAPTURE_AUTORELEASING = YES;
				CLANG_WARN_BOOL_CONVERSION = YES;
				CLANG_WARN_COMMA = YES;
				CLANG_WARN_CONSTANT_CONVERSION = YES;
				CLANG_WARN_DEPRECATED_OBJC_IMPLEMENTATIONS = YES;
				CLANG_WARN_DIRECT_OBJC_ISA_USAGE = YES_ERROR;
				CLANG_WARN_DOCUMENTATION_COMMENTS = YES;
				CLANG_WARN_EMPTY_BODY = YES;
				CLANG_WARN_ENUM_CONVERSION = YES;
				CLANG_WARN_INFINITE_RECURSION = YES;
				CLANG_WARN_INT_CONVERSION = YES;
				CLANG_WARN_NON_LITERAL_NULL_CONVERSION = YES;
				CLANG_WARN_OBJC_IMPLICIT_RETAIN_SELF = YES;
				CLANG_WARN_OBJC_LITERAL_CONVERSION = YES;
				CLANG_WARN_OBJC_ROOT_CLASS = YES_ERROR;
				CLANG_WARN_QUOTED_INCLUDE_IN_FRAMEWORK_HEADER = YES;
				CLANG_WARN_RANGE_LOOP_ANALYSIS = YES;
				CLANG_WARN_STRICT_PROTOTYPES = YES;
				CLANG_WARN_SUSPICIOUS_MOVE = YES;
				CLANG_WARN_UNGUARDED_AVAILABILITY = YES_AGGRESSIVE;
				CLANG_WARN_UNREACHABLE_CODE = YES;
				CLANG_WARN__DUPLICATE_METHOD_MATCH = YES;
				COPY_PHASE_STRIP = NO;
				DEBUG_INFORMATION_FORMAT = "dwarf-with-dsym";
				ENABLE_NS_ASSERTIONS = NO;
				ENABLE_STRICT_OBJC_MSGSEND = YES;
				ENABLE_USER_SCRIPT_SANDBOXING = YES;
				GCC_C_LANGUAGE_STANDARD = gnu17;
				GCC_NO_COMMON_BLOCKS = YES;
				GCC_WARN_64_TO_32_BIT_CONVERSION = YES;
				GCC_WARN_ABOUT_RETURN_TYPE = YES_ERROR;
				GCC_WARN_UNDECLARED_SELECTOR = YES;
				GCC_WARN_UNINITIALIZED_AUTOS = YES_AGGRESSIVE;
				GCC_WARN_UNUSED_FUNCTION = YES;
				GCC_WARN_UNUSED_VARIABLE = YES;
				IPHONEOS_DEPLOYMENT_TARGET = 18.1;
				LOCALIZATION_PREFERS_STRING_CATALOGS = YES;
				MTL_ENABLE_DEBUG_INFO = NO;
				MTL_FAST_MATH = YES;
				SDKROOT = iphoneos;
				SWIFT_COMPILATION_MODE = wholemodule;
				VALIDATE_PRODUCT = YES;
			};
			name = Release;
		};
		DCDE53F22D33B010002E1069 /* Debug */ = {
			isa = XCBuildConfiguration;
			buildSettings = {
				ASSETCATALOG_COMPILER_APPICON_NAME = AppIcon;
				ASSETCATALOG_COMPILER_GLOBAL_ACCENT_COLOR_NAME = AccentColor;
				CODE_SIGN_STYLE = Automatic;
				CURRENT_PROJECT_VERSION = 1;
				DEVELOPMENT_ASSET_PATHS = "\"SwiftUIComponentsDemo/Preview Content\"";
				DEVELOPMENT_TEAM = Z5TBLESEBG;
				ENABLE_PREVIEWS = YES;
				GENERATE_INFOPLIST_FILE = YES;
				INFOPLIST_KEY_UIApplicationSceneManifest_Generation = YES;
				INFOPLIST_KEY_UIApplicationSupportsIndirectInputEvents = YES;
				INFOPLIST_KEY_UILaunchScreen_Generation = YES;
				INFOPLIST_KEY_UISupportedInterfaceOrientations_iPad = "UIInterfaceOrientationPortrait UIInterfaceOrientationPortraitUpsideDown UIInterfaceOrientationLandscapeLeft UIInterfaceOrientationLandscapeRight";
				INFOPLIST_KEY_UISupportedInterfaceOrientations_iPhone = "UIInterfaceOrientationPortrait UIInterfaceOrientationLandscapeLeft UIInterfaceOrientationLandscapeRight";
				LD_RUNPATH_SEARCH_PATHS = (
					"$(inherited)",
					"@executable_path/Frameworks",
				);
				MARKETING_VERSION = 1.0;
				PRODUCT_BUNDLE_IDENTIFIER = NhatLe.SwiftUIComponentsDemo;
				PRODUCT_NAME = "$(TARGET_NAME)";
				SWIFT_EMIT_LOC_STRINGS = YES;
				SWIFT_VERSION = 5.0;
				TARGETED_DEVICE_FAMILY = "1,2";
			};
			name = Debug;
		};
		DCDE53F32D33B010002E1069 /* Release */ = {
			isa = XCBuildConfiguration;
			buildSettings = {
				ASSETCATALOG_COMPILER_APPICON_NAME = AppIcon;
				ASSETCATALOG_COMPILER_GLOBAL_ACCENT_COLOR_NAME = AccentColor;
				CODE_SIGN_STYLE = Automatic;
				CURRENT_PROJECT_VERSION = 1;
				DEVELOPMENT_ASSET_PATHS = "\"SwiftUIComponentsDemo/Preview Content\"";
				DEVELOPMENT_TEAM = Z5TBLESEBG;
				ENABLE_PREVIEWS = YES;
				GENERATE_INFOPLIST_FILE = YES;
				INFOPLIST_KEY_UIApplicationSceneManifest_Generation = YES;
				INFOPLIST_KEY_UIApplicationSupportsIndirectInputEvents = YES;
				INFOPLIST_KEY_UILaunchScreen_Generation = YES;
				INFOPLIST_KEY_UISupportedInterfaceOrientations_iPad = "UIInterfaceOrientationPortrait UIInterfaceOrientationPortraitUpsideDown UIInterfaceOrientationLandscapeLeft UIInterfaceOrientationLandscapeRight";
				INFOPLIST_KEY_UISupportedInterfaceOrientations_iPhone = "UIInterfaceOrientationPortrait UIInterfaceOrientationLandscapeLeft UIInterfaceOrientationLandscapeRight";
				LD_RUNPATH_SEARCH_PATHS = (
					"$(inherited)",
					"@executable_path/Frameworks",
				);
				MARKETING_VERSION = 1.0;
				PRODUCT_BUNDLE_IDENTIFIER = NhatLe.SwiftUIComponentsDemo;
				PRODUCT_NAME = "$(TARGET_NAME)";
				SWIFT_EMIT_LOC_STRINGS = YES;
				SWIFT_VERSION = 5.0;
				TARGETED_DEVICE_FAMILY = "1,2";
			};
			name = Release;
		};
		DCDE53F52D33B010002E1069 /* Debug */ = {
			isa = XCBuildConfiguration;
			buildSettings = {
				BUNDLE_LOADER = "$(TEST_HOST)";
				CODE_SIGN_STYLE = Automatic;
				CURRENT_PROJECT_VERSION = 1;
				DEVELOPMENT_TEAM = Z5TBLESEBG;
				GENERATE_INFOPLIST_FILE = YES;
				IPHONEOS_DEPLOYMENT_TARGET = 18.1;
				MARKETING_VERSION = 1.0;
				PRODUCT_BUNDLE_IDENTIFIER = NhatLe.SwiftUIComponentsDemoTests;
				PRODUCT_NAME = "$(TARGET_NAME)";
				SWIFT_EMIT_LOC_STRINGS = NO;
				SWIFT_VERSION = 5.0;
				TARGETED_DEVICE_FAMILY = "1,2";
				TEST_HOST = "$(BUILT_PRODUCTS_DIR)/SwiftUIComponentsDemo.app/$(BUNDLE_EXECUTABLE_FOLDER_PATH)/SwiftUIComponentsDemo";
			};
			name = Debug;
		};
		DCDE53F62D33B010002E1069 /* Release */ = {
			isa = XCBuildConfiguration;
			buildSettings = {
				BUNDLE_LOADER = "$(TEST_HOST)";
				CODE_SIGN_STYLE = Automatic;
				CURRENT_PROJECT_VERSION = 1;
				DEVELOPMENT_TEAM = Z5TBLESEBG;
				GENERATE_INFOPLIST_FILE = YES;
				IPHONEOS_DEPLOYMENT_TARGET = 18.1;
				MARKETING_VERSION = 1.0;
				PRODUCT_BUNDLE_IDENTIFIER = NhatLe.SwiftUIComponentsDemoTests;
				PRODUCT_NAME = "$(TARGET_NAME)";
				SWIFT_EMIT_LOC_STRINGS = NO;
				SWIFT_VERSION = 5.0;
				TARGETED_DEVICE_FAMILY = "1,2";
				TEST_HOST = "$(BUILT_PRODUCTS_DIR)/SwiftUIComponentsDemo.app/$(BUNDLE_EXECUTABLE_FOLDER_PATH)/SwiftUIComponentsDemo";
			};
			name = Release;
		};
		DCDE53F82D33B010002E1069 /* Debug */ = {
			isa = XCBuildConfiguration;
			buildSettings = {
				CODE_SIGN_STYLE = Automatic;
				CURRENT_PROJECT_VERSION = 1;
				DEVELOPMENT_TEAM = Z5TBLESEBG;
				GENERATE_INFOPLIST_FILE = YES;
				MARKETING_VERSION = 1.0;
				PRODUCT_BUNDLE_IDENTIFIER = NhatLe.SwiftUIComponentsDemoUITests;
				PRODUCT_NAME = "$(TARGET_NAME)";
				SWIFT_EMIT_LOC_STRINGS = NO;
				SWIFT_VERSION = 5.0;
				TARGETED_DEVICE_FAMILY = "1,2";
				TEST_TARGET_NAME = SwiftUIComponentsDemo;
			};
			name = Debug;
		};
		DCDE53F92D33B010002E1069 /* Release */ = {
			isa = XCBuildConfiguration;
			buildSettings = {
				CODE_SIGN_STYLE = Automatic;
				CURRENT_PROJECT_VERSION = 1;
				DEVELOPMENT_TEAM = Z5TBLESEBG;
				GENERATE_INFOPLIST_FILE = YES;
				MARKETING_VERSION = 1.0;
				PRODUCT_BUNDLE_IDENTIFIER = NhatLe.SwiftUIComponentsDemoUITests;
				PRODUCT_NAME = "$(TARGET_NAME)";
				SWIFT_EMIT_LOC_STRINGS = NO;
				SWIFT_VERSION = 5.0;
				TARGETED_DEVICE_FAMILY = "1,2";
				TEST_TARGET_NAME = SwiftUIComponentsDemo;
			};
			name = Release;
		};
/* End XCBuildConfiguration section */

/* Begin XCConfigurationList section */
		DCDE53C82D33B00F002E1069 /* Build configuration list for PBXProject "SwiftUIComponentsDemo" */ = {
			isa = XCConfigurationList;
			buildConfigurations = (
				DCDE53EF2D33B010002E1069 /* Debug */,
				DCDE53F02D33B010002E1069 /* Release */,
			);
			defaultConfigurationIsVisible = 0;
			defaultConfigurationName = Release;
		};
		DCDE53F12D33B010002E1069 /* Build configuration list for PBXNativeTarget "SwiftUIComponentsDemo" */ = {
			isa = XCConfigurationList;
			buildConfigurations = (
				DCDE53F22D33B010002E1069 /* Debug */,
				DCDE53F32D33B010002E1069 /* Release */,
			);
			defaultConfigurationIsVisible = 0;
			defaultConfigurationName = Release;
		};
		DCDE53F42D33B010002E1069 /* Build configuration list for PBXNativeTarget "SwiftUIComponentsDemoTests" */ = {
			isa = XCConfigurationList;
			buildConfigurations = (
				DCDE53F52D33B010002E1069 /* Debug */,
				DCDE53F62D33B010002E1069 /* Release */,
			);
			defaultConfigurationIsVisible = 0;
			defaultConfigurationName = Release;
		};
		DCDE53F72D33B010002E1069 /* Build configuration list for PBXNativeTarget "SwiftUIComponentsDemoUITests" */ = {
			isa = XCConfigurationList;
			buildConfigurations = (
				DCDE53F82D33B010002E1069 /* Debug */,
				DCDE53F92D33B010002E1069 /* Release */,
			);
			defaultConfigurationIsVisible = 0;
			defaultConfigurationName = Release;
		};
/* End XCConfigurationList section */

/* Begin XCRemoteSwiftPackageReference section */
		DCDE53FA2D33B030002E1069 /* XCRemoteSwiftPackageReference "SwiftUIComponents" */ = {
			isa = XCRemoteSwiftPackageReference;
			repositoryURL = "git@github.com:nhatlee/SwiftUIComponents.git";
			requirement = {
				branch = main;
				kind = branch;
			};
		};
/* End XCRemoteSwiftPackageReference section */

/* Begin XCSwiftPackageProductDependency section */
		DCDE53FB2D33B030002E1069 /* UIComponents */ = {
			isa = XCSwiftPackageProductDependency;
			package = DCDE53FA2D33B030002E1069 /* XCRemoteSwiftPackageReference "SwiftUIComponents" */;
			productName = UIComponents;
		};
/* End XCSwiftPackageProductDependency section */
	};
	rootObject = DCDE53C52D33B00F002E1069 /* Project object */;
}
